// !$*UTF8*$!
{
	archiveVersion = 1;
	classes = {
	};
	objectVersion = 46;
	objects = {

/* Begin PBXBuildFile section */
		0915AE8B1C248FFB006F5F7F /* dog.jpg in Resources */ = {isa = PBXBuildFile; fileRef = 0915AE8A1C248FFB006F5F7F /* dog.jpg */; };
		09AB7B6B1C2340460017B306 /* GenderPreferenceViewController.swift in Sources */ = {isa = PBXBuildFile; fileRef = 09AB7B6A1C2340460017B306 /* GenderPreferenceViewController.swift */; };
		09BDDF0D1C2257580036E54D /* AppDelegate.swift in Sources */ = {isa = PBXBuildFile; fileRef = 09BDDF0C1C2257580036E54D /* AppDelegate.swift */; };
		09BDDF0F1C2257580036E54D /* ViewController.swift in Sources */ = {isa = PBXBuildFile; fileRef = 09BDDF0E1C2257580036E54D /* ViewController.swift */; };
		09BDDF121C2257580036E54D /* Main.storyboard in Resources */ = {isa = PBXBuildFile; fileRef = 09BDDF101C2257580036E54D /* Main.storyboard */; };
		09BDDF151C2257580036E54D /* Tinder_Clone.xcdatamodeld in Sources */ = {isa = PBXBuildFile; fileRef = 09BDDF131C2257580036E54D /* Tinder_Clone.xcdatamodeld */; };
		09BDDF171C2257580036E54D /* Assets.xcassets in Resources */ = {isa = PBXBuildFile; fileRef = 09BDDF161C2257580036E54D /* Assets.xcassets */; };
		09BDDF1A1C2257580036E54D /* LaunchScreen.storyboard in Resources */ = {isa = PBXBuildFile; fileRef = 09BDDF181C2257580036E54D /* LaunchScreen.storyboard */; };
		09BDDF231C22577C0036E54D /* Bolts.framework in Frameworks */ = {isa = PBXBuildFile; fileRef = 09BDDF211C22577C0036E54D /* Bolts.framework */; };
		09BDDF241C22577C0036E54D /* Parse.framework in Frameworks */ = {isa = PBXBuildFile; fileRef = 09BDDF221C22577C0036E54D /* Parse.framework */; };
		09BDDF271C22579A0036E54D /* AudioToolbox.framework in Frameworks */ = {isa = PBXBuildFile; fileRef = 09BDDF261C22579A0036E54D /* AudioToolbox.framework */; };
		09BDDF291C2257B40036E54D /* CFNetwork.framework in Frameworks */ = {isa = PBXBuildFile; fileRef = 09BDDF281C2257B40036E54D /* CFNetwork.framework */; };
		09BDDF2B1C2257BA0036E54D /* CoreGraphics.framework in Frameworks */ = {isa = PBXBuildFile; fileRef = 09BDDF2A1C2257BA0036E54D /* CoreGraphics.framework */; };
		09BDDF2D1C2257BF0036E54D /* QuartzCore.framework in Frameworks */ = {isa = PBXBuildFile; fileRef = 09BDDF2C1C2257BF0036E54D /* QuartzCore.framework */; };
		09BDDF2F1C2257C40036E54D /* Security.framework in Frameworks */ = {isa = PBXBuildFile; fileRef = 09BDDF2E1C2257C40036E54D /* Security.framework */; };
		09BDDF311C2257CB0036E54D /* StoreKit.framework in Frameworks */ = {isa = PBXBuildFile; fileRef = 09BDDF301C2257CB0036E54D /* StoreKit.framework */; };
		09BDDF331C2257D10036E54D /* SystemConfiguration.framework in Frameworks */ = {isa = PBXBuildFile; fileRef = 09BDDF321C2257D10036E54D /* SystemConfiguration.framework */; };
		09BDDF351C2257D90036E54D /* libz.tbd in Frameworks */ = {isa = PBXBuildFile; fileRef = 09BDDF341C2257D90036E54D /* libz.tbd */; };
		09BDDF371C2257DD0036E54D /* libsqlite3.tbd in Frameworks */ = {isa = PBXBuildFile; fileRef = 09BDDF361C2257DD0036E54D /* libsqlite3.tbd */; };
		09BDDF421C2259EB0036E54D /* FBSDKCoreKit.framework in Frameworks */ = {isa = PBXBuildFile; fileRef = 09BDDF401C2259EB0036E54D /* FBSDKCoreKit.framework */; };
		09BDDF431C2259EB0036E54D /* FBSDKLoginKit.framework in Frameworks */ = {isa = PBXBuildFile; fileRef = 09BDDF411C2259EB0036E54D /* FBSDKLoginKit.framework */; };
		09CCDB411C2358DB007517CC /* MainAppViewController.swift in Sources */ = {isa = PBXBuildFile; fileRef = 09CCDB401C2358DB007517CC /* MainAppViewController.swift */; };
/* End PBXBuildFile section */

/* Begin PBXFileReference section */
		0915AE8A1C248FFB006F5F7F /* dog.jpg */ = {isa = PBXFileReference; lastKnownFileType = image.jpeg; path = dog.jpg; sourceTree = "<group>"; };
		09AB7B6A1C2340460017B306 /* GenderPreferenceViewController.swift */ = {isa = PBXFileReference; fileEncoding = 4; lastKnownFileType = sourcecode.swift; path = GenderPreferenceViewController.swift; sourceTree = "<group>"; };
		09BDDF091C2257580036E54D /* Tinder Clone.app */ = {isa = PBXFileReference; explicitFileType = wrapper.application; includeInIndex = 0; path = "Tinder Clone.app"; sourceTree = BUILT_PRODUCTS_DIR; };
		09BDDF0C1C2257580036E54D /* AppDelegate.swift */ = {isa = PBXFileReference; lastKnownFileType = sourcecode.swift; path = AppDelegate.swift; sourceTree = "<group>"; };
		09BDDF0E1C2257580036E54D /* ViewController.swift */ = {isa = PBXFileReference; lastKnownFileType = sourcecode.swift; path = ViewController.swift; sourceTree = "<group>"; };
		09BDDF111C2257580036E54D /* Base */ = {isa = PBXFileReference; lastKnownFileType = file.storyboard; name = Base; path = Base.lproj/Main.storyboard; sourceTree = "<group>"; };
		09BDDF141C2257580036E54D /* Tinder_Clone.xcdatamodel */ = {isa = PBXFileReference; lastKnownFileType = wrapper.xcdatamodel; path = Tinder_Clone.xcdatamodel; sourceTree = "<group>"; };
		09BDDF161C2257580036E54D /* Assets.xcassets */ = {isa = PBXFileReference; lastKnownFileType = folder.assetcatalog; path = Assets.xcassets; sourceTree = "<group>"; };
		09BDDF191C2257580036E54D /* Base */ = {isa = PBXFileReference; lastKnownFileType = file.storyboard; name = Base; path = Base.lproj/LaunchScreen.storyboard; sourceTree = "<group>"; };
		09BDDF1B1C2257580036E54D /* Info.plist */ = {isa = PBXFileReference; lastKnownFileType = text.plist.xml; path = Info.plist; sourceTree = "<group>"; };
		09BDDF211C22577C0036E54D /* Bolts.framework */ = {isa = PBXFileReference; lastKnownFileType = wrapper.framework; path = Bolts.framework; sourceTree = "<group>"; };
		09BDDF221C22577C0036E54D /* Parse.framework */ = {isa = PBXFileReference; lastKnownFileType = wrapper.framework; path = Parse.framework; sourceTree = "<group>"; };
		09BDDF261C22579A0036E54D /* AudioToolbox.framework */ = {isa = PBXFileReference; lastKnownFileType = wrapper.framework; name = AudioToolbox.framework; path = System/Library/Frameworks/AudioToolbox.framework; sourceTree = SDKROOT; };
		09BDDF281C2257B40036E54D /* CFNetwork.framework */ = {isa = PBXFileReference; lastKnownFileType = wrapper.framework; name = CFNetwork.framework; path = System/Library/Frameworks/CFNetwork.framework; sourceTree = SDKROOT; };
		09BDDF2A1C2257BA0036E54D /* CoreGraphics.framework */ = {isa = PBXFileReference; lastKnownFileType = wrapper.framework; name = CoreGraphics.framework; path = System/Library/Frameworks/CoreGraphics.framework; sourceTree = SDKROOT; };
		09BDDF2C1C2257BF0036E54D /* QuartzCore.framework */ = {isa = PBXFileReference; lastKnownFileType = wrapper.framework; name = QuartzCore.framework; path = System/Library/Frameworks/QuartzCore.framework; sourceTree = SDKROOT; };
		09BDDF2E1C2257C40036E54D /* Security.framework */ = {isa = PBXFileReference; lastKnownFileType = wrapper.framework; name = Security.framework; path = System/Library/Frameworks/Security.framework; sourceTree = SDKROOT; };
		09BDDF301C2257CB0036E54D /* StoreKit.framework */ = {isa = PBXFileReference; lastKnownFileType = wrapper.framework; name = StoreKit.framework; path = System/Library/Frameworks/StoreKit.framework; sourceTree = SDKROOT; };
		09BDDF321C2257D10036E54D /* SystemConfiguration.framework */ = {isa = PBXFileReference; lastKnownFileType = wrapper.framework; name = SystemConfiguration.framework; path = System/Library/Frameworks/SystemConfiguration.framework; sourceTree = SDKROOT; };
		09BDDF341C2257D90036E54D /* libz.tbd */ = {isa = PBXFileReference; lastKnownFileType = "sourcecode.text-based-dylib-definition"; name = libz.tbd; path = usr/lib/libz.tbd; sourceTree = SDKROOT; };
		09BDDF361C2257DD0036E54D /* libsqlite3.tbd */ = {isa = PBXFileReference; lastKnownFileType = "sourcecode.text-based-dylib-definition"; name = libsqlite3.tbd; path = usr/lib/libsqlite3.tbd; sourceTree = SDKROOT; };
		09BDDF401C2259EB0036E54D /* FBSDKCoreKit.framework */ = {isa = PBXFileReference; lastKnownFileType = wrapper.framework; name = FBSDKCoreKit.framework; path = "../../Downloads/FacebookSDKs-iOS-20151111/FBSDKCoreKit.framework"; sourceTree = "<group>"; };
		09BDDF411C2259EB0036E54D /* FBSDKLoginKit.framework */ = {isa = PBXFileReference; lastKnownFileType = wrapper.framework; name = FBSDKLoginKit.framework; path = "../../Downloads/FacebookSDKs-iOS-20151111/FBSDKLoginKit.framework"; sourceTree = "<group>"; };
		09CCDB401C2358DB007517CC /* MainAppViewController.swift */ = {isa = PBXFileReference; fileEncoding = 4; lastKnownFileType = sourcecode.swift; path = MainAppViewController.swift; sourceTree = "<group>"; };
/* End PBXFileReference section */

/* Begin PBXFrameworksBuildPhase section */
		09BDDF061C2257580036E54D /* Frameworks */ = {
			isa = PBXFrameworksBuildPhase;
			buildActionMask = 2147483647;
			files = (
				09BDDF371C2257DD0036E54D /* libsqlite3.tbd in Frameworks */,
				09BDDF421C2259EB0036E54D /* FBSDKCoreKit.framework in Frameworks */,
				09BDDF351C2257D90036E54D /* libz.tbd in Frameworks */,
				09BDDF331C2257D10036E54D /* SystemConfiguration.framework in Frameworks */,
				09BDDF311C2257CB0036E54D /* StoreKit.framework in Frameworks */,
				09BDDF2F1C2257C40036E54D /* Security.framework in Frameworks */,
				09BDDF2D1C2257BF0036E54D /* QuartzCore.framework in Frameworks */,
				09BDDF431C2259EB0036E54D /* FBSDKLoginKit.framework in Frameworks */,
				09BDDF2B1C2257BA0036E54D /* CoreGraphics.framework in Frameworks */,
				09BDDF291C2257B40036E54D /* CFNetwork.framework in Frameworks */,
				09BDDF271C22579A0036E54D /* AudioToolbox.framework in Frameworks */,
				09BDDF241C22577C0036E54D /* Parse.framework in Frameworks */,
				09BDDF231C22577C0036E54D /* Bolts.framework in Frameworks */,
			);
			runOnlyForDeploymentPostprocessing = 0;
		};
/* End PBXFrameworksBuildPhase section */

/* Begin PBXGroup section */
		09BDDF001C2257580036E54D = {
			isa = PBXGroup;
			children = (
				09BDDF0B1C2257580036E54D /* Tinder Clone */,
				09BDDF0A1C2257580036E54D /* Products */,
				09BDDF251C2257810036E54D /* Frameworks */,
			);
			sourceTree = "<group>";
		};
		09BDDF0A1C2257580036E54D /* Products */ = {
			isa = PBXGroup;
			children = (
				09BDDF091C2257580036E54D /* Tinder Clone.app */,
			);
			name = Products;
			sourceTree = "<group>";
		};
		09BDDF0B1C2257580036E54D /* Tinder Clone */ = {
			isa = PBXGroup;
			children = (
				0915AE8A1C248FFB006F5F7F /* dog.jpg */,
				09BDDF0C1C2257580036E54D /* AppDelegate.swift */,
				09BDDF0E1C2257580036E54D /* ViewController.swift */,
				09AB7B6A1C2340460017B306 /* GenderPreferenceViewController.swift */,
				09CCDB401C2358DB007517CC /* MainAppViewController.swift */,
				09BDDF101C2257580036E54D /* Main.storyboard */,
				09BDDF161C2257580036E54D /* Assets.xcassets */,
				09BDDF181C2257580036E54D /* LaunchScreen.storyboard */,
				09BDDF1B1C2257580036E54D /* Info.plist */,
				09BDDF131C2257580036E54D /* Tinder_Clone.xcdatamodeld */,
			);
			path = "Tinder Clone";
			sourceTree = "<group>";
		};
		09BDDF251C2257810036E54D /* Frameworks */ = {
			isa = PBXGroup;
			children = (
				09BDDF361C2257DD0036E54D /* libsqlite3.tbd */,
				09BDDF341C2257D90036E54D /* libz.tbd */,
				09BDDF401C2259EB0036E54D /* FBSDKCoreKit.framework */,
				09BDDF411C2259EB0036E54D /* FBSDKLoginKit.framework */,
				09BDDF321C2257D10036E54D /* SystemConfiguration.framework */,
				09BDDF301C2257CB0036E54D /* StoreKit.framework */,
				09BDDF2E1C2257C40036E54D /* Security.framework */,
				09BDDF2C1C2257BF0036E54D /* QuartzCore.framework */,
				09BDDF2A1C2257BA0036E54D /* CoreGraphics.framework */,
				09BDDF281C2257B40036E54D /* CFNetwork.framework */,
				09BDDF261C22579A0036E54D /* AudioToolbox.framework */,
				09BDDF211C22577C0036E54D /* Bolts.framework */,
				09BDDF221C22577C0036E54D /* Parse.framework */,
			);
			name = Frameworks;
			sourceTree = "<group>";
		};
/* End PBXGroup section */

/* Begin PBXNativeTarget section */
		09BDDF081C2257580036E54D /* Tinder Clone */ = {
			isa = PBXNativeTarget;
			buildConfigurationList = 09BDDF1E1C2257580036E54D /* Build configuration list for PBXNativeTarget "Tinder Clone" */;
			buildPhases = (
				09BDDF051C2257580036E54D /* Sources */,
				09BDDF061C2257580036E54D /* Frameworks */,
				09BDDF071C2257580036E54D /* Resources */,
			);
			buildRules = (
			);
			dependencies = (
			);
			name = "Tinder Clone";
			productName = "Tinder Clone";
			productReference = 09BDDF091C2257580036E54D /* Tinder Clone.app */;
			productType = "com.apple.product-type.application";
		};
/* End PBXNativeTarget section */

/* Begin PBXProject section */
		09BDDF011C2257580036E54D /* Project object */ = {
			isa = PBXProject;
			attributes = {
				LastSwiftUpdateCheck = 0720;
				LastUpgradeCheck = 0720;
				ORGANIZATIONNAME = nuapps;
				TargetAttributes = {
					09BDDF081C2257580036E54D = {
						CreatedOnToolsVersion = 7.2;
					};
				};
			};
			buildConfigurationList = 09BDDF041C2257580036E54D /* Build configuration list for PBXProject "Tinder Clone" */;
			compatibilityVersion = "Xcode 3.2";
			developmentRegion = English;
			hasScannedForEncodings = 0;
			knownRegions = (
				en,
				Base,
			);
			mainGroup = 09BDDF001C2257580036E54D;
			productRefGroup = 09BDDF0A1C2257580036E54D /* Products */;
			projectDirPath = "";
			projectRoot = "";
			targets = (
				09BDDF081C2257580036E54D /* Tinder Clone */,
			);
		};
/* End PBXProject section */

/* Begin PBXResourcesBuildPhase section */
		09BDDF071C2257580036E54D /* Resources */ = {
			isa = PBXResourcesBuildPhase;
			buildActionMask = 2147483647;
			files = (
				0915AE8B1C248FFB006F5F7F /* dog.jpg in Resources */,
				09BDDF1A1C2257580036E54D /* LaunchScreen.storyboard in Resources */,
				09BDDF171C2257580036E54D /* Assets.xcassets in Resources */,
				09BDDF121C2257580036E54D /* Main.storyboard in Resources */,
			);
			runOnlyForDeploymentPostprocessing = 0;
		};
/* End PBXResourcesBuildPhase section */

/* Begin PBXSourcesBuildPhase section */
		09BDDF051C2257580036E54D /* Sources */ = {
			isa = PBXSourcesBuildPhase;
			buildActionMask = 2147483647;
			files = (
				09BDDF151C2257580036E54D /* Tinder_Clone.xcdatamodeld in Sources */,
				09BDDF0F1C2257580036E54D /* ViewController.swift in Sources */,
				09AB7B6B1C2340460017B306 /* GenderPreferenceViewController.swift in Sources */,
				09BDDF0D1C2257580036E54D /* AppDelegate.swift in Sources */,
				09CCDB411C2358DB007517CC /* MainAppViewController.swift in Sources */,
			);
			runOnlyForDeploymentPostprocessing = 0;
		};
/* End PBXSourcesBuildPhase section */

/* Begin PBXVariantGroup section */
		09BDDF101C2257580036E54D /* Main.storyboard */ = {
			isa = PBXVariantGroup;
			children = (
				09BDDF111C2257580036E54D /* Base */,
			);
			name = Main.storyboard;
			sourceTree = "<group>";
		};
		09BDDF181C2257580036E54D /* LaunchScreen.storyboard */ = {
			isa = PBXVariantGroup;
			children = (
				09BDDF191C2257580036E54D /* Base */,
			);
			name = LaunchScreen.storyboard;
			sourceTree = "<group>";
		};
/* End PBXVariantGroup section */

/* Begin XCBuildConfiguration section */
		09BDDF1C1C2257580036E54D /* Debug */ = {
			isa = XCBuildConfiguration;
			buildSettings = {
				ALWAYS_SEARCH_USER_PATHS = NO;
				CLANG_CXX_LANGUAGE_STANDARD = "gnu++0x";
				CLANG_CXX_LIBRARY = "libc++";
				CLANG_ENABLE_MODULES = YES;
				CLANG_ENABLE_OBJC_ARC = YES;
				CLANG_WARN_BOOL_CONVERSION = YES;
				CLANG_WARN_CONSTANT_CONVERSION = YES;
				CLANG_WARN_DIRECT_OBJC_ISA_USAGE = YES_ERROR;
				CLANG_WARN_EMPTY_BODY = YES;
				CLANG_WARN_ENUM_CONVERSION = YES;
				CLANG_WARN_INT_CONVERSION = YES;
				CLANG_WARN_OBJC_ROOT_CLASS = YES_ERROR;
				CLANG_WARN_UNREACHABLE_CODE = YES;
				CLANG_WARN__DUPLICATE_METHOD_MATCH = YES;
				"CODE_SIGN_IDENTITY[sdk=iphoneos*]" = "iPhone Developer";
				COPY_PHASE_STRIP = NO;
				DEBUG_INFORMATION_FORMAT = dwarf;
				ENABLE_STRICT_OBJC_MSGSEND = YES;
				ENABLE_TESTABILITY = YES;
				GCC_C_LANGUAGE_STANDARD = gnu99;
				GCC_DYNAMIC_NO_PIC = NO;
				GCC_NO_COMMON_BLOCKS = YES;
				GCC_OPTIMIZATION_LEVEL = 0;
				GCC_PREPROCESSOR_DEFINITIONS = (
					"DEBUG=1",
					"$(inherited)",
				);
				GCC_WARN_64_TO_32_BIT_CONVERSION = YES;
				GCC_WARN_ABOUT_RETURN_TYPE = YES_ERROR;
				GCC_WARN_UNDECLARED_SELECTOR = YES;
				GCC_WARN_UNINITIALIZED_AUTOS = YES_AGGRESSIVE;
				GCC_WARN_UNUSED_FUNCTION = YES;
				GCC_WARN_UNUSED_VARIABLE = YES;
				IPHONEOS_DEPLOYMENT_TARGET = 9.2;
				MTL_ENABLE_DEBUG_INFO = YES;
				ONLY_ACTIVE_ARCH = YES;
				SDKROOT = iphoneos;
				SWIFT_OPTIMIZATION_LEVEL = "-Onone";
				TARGETED_DEVICE_FAMILY = "1,2";
			};
			name = Debug;
		};
		09BDDF1D1C2257580036E54D /* Release */ = {
			isa = XCBuildConfiguration;
			buildSettings = {
				ALWAYS_SEARCH_USER_PATHS = NO;
				CLANG_CXX_LANGUAGE_STANDARD = "gnu++0x";
				CLANG_CXX_LIBRARY = "libc++";
				CLANG_ENABLE_MODULES = YES;
				CLANG_ENABLE_OBJC_ARC = YES;
				CLANG_WARN_BOOL_CONVERSION = YES;
				CLANG_WARN_CONSTANT_CONVERSION = YES;
				CLANG_WARN_DIRECT_OBJC_ISA_USAGE = YES_ERROR;
				CLANG_WARN_EMPTY_BODY = YES;
				CLANG_WARN_ENUM_CONVERSION = YES;
				CLANG_WARN_INT_CONVERSION = YES;
				CLANG_WARN_OBJC_ROOT_CLASS = YES_ERROR;
				CLANG_WARN_UNREACHABLE_CODE = YES;
				CLANG_WARN__DUPLICATE_METHOD_MATCH = YES;
				"CODE_SIGN_IDENTITY[sdk=iphoneos*]" = "iPhone Developer";
				COPY_PHASE_STRIP = NO;
				DEBUG_INFORMATION_FORMAT = "dwarf-with-dsym";
				ENABLE_NS_ASSERTIONS = NO;
				ENABLE_STRICT_OBJC_MSGSEND = YES;
				GCC_C_LANGUAGE_STANDARD = gnu99;
				GCC_NO_COMMON_BLOCKS = YES;
				GCC_WARN_64_TO_32_BIT_CONVERSION = YES;
				GCC_WARN_ABOUT_RETURN_TYPE = YES_ERROR;
				GCC_WARN_UNDECLARED_SELECTOR = YES;
				GCC_WARN_UNINITIALIZED_AUTOS = YES_AGGRESSIVE;
				GCC_WARN_UNUSED_FUNCTION = YES;
				GCC_WARN_UNUSED_VARIABLE = YES;
				IPHONEOS_DEPLOYMENT_TARGET = 9.2;
				MTL_ENABLE_DEBUG_INFO = NO;
				SDKROOT = iphoneos;
				TARGETED_DEVICE_FAMILY = "1,2";
				VALIDATE_PRODUCT = YES;
			};
			name = Release;
		};
		09BDDF1F1C2257580036E54D /* Debug */ = {
			isa = XCBuildConfiguration;
			buildSettings = {
				ALWAYS_SEARCH_USER_PATHS = YES;
				ASSETCATALOG_COMPILER_APPICON_NAME = AppIcon;
				FRAMEWORK_SEARCH_PATHS = (
					"$(inherited)",
					"/Users/jonathanmitchell/XCode\\ Projects/SDKs/FacebookSDKs-iOS-20151111",
					"$(PROJECT_DIR)",
				);
				INFOPLIST_FILE = "Tinder Clone/Info.plist";
				LD_RUNPATH_SEARCH_PATHS = "$(inherited) @executable_path/Frameworks";
				PRODUCT_BUNDLE_IDENTIFIER = "com.nuapps.jonathanmitchell.Tinder-Clone";
				PRODUCT_NAME = "$(TARGET_NAME)";
			};
			name = Debug;
		};
		09BDDF201C2257580036E54D /* Release */ = {
			isa = XCBuildConfiguration;
			buildSettings = {
				ALWAYS_SEARCH_USER_PATHS = YES;
				ASSETCATALOG_COMPILER_APPICON_NAME = AppIcon;
				FRAMEWORK_SEARCH_PATHS = (
					"$(inherited)",
					"/Users/jonathanmitchell/XCode\\ Projects/SDKs/FacebookSDKs-iOS-20151111",
					"$(PROJECT_DIR)",
				);
				INFOPLIST_FILE = "Tinder Clone/Info.plist";
				LD_RUNPATH_SEARCH_PATHS = "$(inherited) @executable_path/Frameworks";
				PRODUCT_BUNDLE_IDENTIFIER = "com.nuapps.jonathanmitchell.Tinder-Clone";
				PRODUCT_NAME = "$(TARGET_NAME)";
			};
			name = Release;
		};
/* End XCBuildConfiguration section */

/* Begin XCConfigurationList section */
		09BDDF041C2257580036E54D /* Build configuration list for PBXProject "Tinder Clone" */ = {
			isa = XCConfigurationList;
			buildConfigurations = (
				09BDDF1C1C2257580036E54D /* Debug */,
				09BDDF1D1C2257580036E54D /* Release */,
			);
			defaultConfigurationIsVisible = 0;
			defaultConfigurationName = Release;
		};
		09BDDF1E1C2257580036E54D /* Build configuration list for PBXNativeTarget "Tinder Clone" */ = {
			isa = XCConfigurationList;
			buildConfigurations = (
				09BDDF1F1C2257580036E54D /* Debug */,
				09BDDF201C2257580036E54D /* Release */,
			);
			defaultConfigurationIsVisible = 0;
			defaultConfigurationName = Release;
		};
/* End XCConfigurationList section */

/* Begin XCVersionGroup section */
		09BDDF131C2257580036E54D /* Tinder_Clone.xcdatamodeld */ = {
			isa = XCVersionGroup;
			children = (
				09BDDF141C2257580036E54D /* Tinder_Clone.xcdatamodel */,
			);
			currentVersion = 09BDDF141C2257580036E54D /* Tinder_Clone.xcdatamodel */;
			path = Tinder_Clone.xcdatamodeld;
			sourceTree = "<group>";
			versionGroupType = wrapper.xcdatamodel;
		};
/* End XCVersionGroup section */
	};
	rootObject = 09BDDF011C2257580036E54D /* Project object */;
}
